
Microsoft Visual Studio Solution File, Format Version 12.00
# Visual Studio 15
VisualStudioVersion = 15.0.27703.2035
MinimumVisualStudioVersion = 10.0.40219.1
Project("{8BC9CEB8-8B4A-11D0-8D11-00A0C91BC942}") = "nnet", "nnet\nnet.vcxproj", "{4C21F341-1D3C-45B5-9FE5-74F25CFDCB4F}"
EndProject
Project("{888888A0-9F3D-457C-B088-3A5042F75D52}") = "nnet_test", "nnet_test\nnet_test.pyproj", "{440EBD6C-5C9D-442B-B62A-9A133B8DD6EF}"
EndProject
Global
	GlobalSection(SolutionConfigurationPlatforms) = preSolution
		Debug|Any CPU = Debug|Any CPU
		Debug|x64 = Debug|x64
		Debug|x86 = Debug|x86
		Release|Any CPU = Release|Any CPU
		Release|x64 = Release|x64
		Release|x86 = Release|x86
	EndGlobalSection
	GlobalSection(ProjectConfigurationPlatforms) = postSolution
		{4C21F341-1D3C-45B5-9FE5-74F25CFDCB4F}.Debug|Any CPU.ActiveCfg = Debug|Win32
		{4C21F341-1D3C-45B5-9FE5-74F25CFDCB4F}.Debug|x64.ActiveCfg = Debug|x64
		{4C21F341-1D3C-45B5-9FE5-74F25CFDCB4F}.Debug|x64.Build.0 = Debug|x64
		{4C21F341-1D3C-45B5-9FE5-74F25CFDCB4F}.Debug|x86.ActiveCfg = Debug|Win32
		{4C21F341-1D3C-45B5-9FE5-74F25CFDCB4F}.Debug|x86.Build.0 = Debug|Win32
		{4C21F341-1D3C-45B5-9FE5-74F25CFDCB4F}.Release|Any CPU.ActiveCfg = Release|Win32
		{4C21F341-1D3C-45B5-9FE5-74F25CFDCB4F}.Release|x64.ActiveCfg = Release|x64
		{4C21F341-1D3C-45B5-9FE5-74F25CFDCB4F}.Release|x64.Build.0 = Release|x64
		{4C21F341-1D3C-45B5-9FE5-74F25CFDCB4F}.Release|x86.ActiveCfg = Release|Win32
		{4C21F341-1D3C-45B5-9FE5-74F25CFDCB4F}.Release|x86.Build.0 = Release|Win32
		{440EBD6C-5C9D-442B-B62A-9A133B8DD6EF}.Debug|Any CPU.ActiveCfg = Debug|Any CPU
		{440EBD6C-5C9D-442B-B62A-9A133B8DD6EF}.Debug|x64.ActiveCfg = Debug|Any CPU
		{440EBD6C-5C9D-442B-B62A-9A133B8DD6EF}.Debug|x86.ActiveCfg = Debug|Any CPU
		{440EBD6C-5C9D-442B-B62A-9A133B8DD6EF}.Release|Any CPU.ActiveCfg = Release|Any CPU
		{440EBD6C-5C9D-442B-B62A-9A133B8DD6EF}.Release|x64.ActiveCfg = Release|Any CPU
		{440EBD6C-5C9D-442B-B62A-9A133B8DD6EF}.Release|x86.ActiveCfg = Release|Any CPU
	EndGlobalSection
	GlobalSection(SolutionProperties) = preSolution
		HideSolutionNode = FALSE
	EndGlobalSection
	GlobalSection(ExtensibilityGlobals) = postSolution
		SolutionGuid = {3388C07C-1883-4C76-8BAB-B905C163048A}
	EndGlobalSection
EndGlobal
